
Microsoft Visual Studio Solution File, Format Version 12.00
# Visual Studio Version 16
VisualStudioVersion = 16.0.29519.87
MinimumVisualStudioVersion = 10.0.40219.1
Project("{FAE04EC0-301F-11D3-BF4B-00C04F79EFBC}") = "SaitynaiNaujas", "SaitynaiNaujas.csproj", "{50592FE3-FAA7-4ADF-891F-83E60F824357}"
EndProject
Global
	GlobalSection(SolutionConfigurationPlatforms) = preSolution
		Debug|Any CPU = Debug|Any CPU
		Release|Any CPU = Release|Any CPU
	EndGlobalSection
	GlobalSection(ProjectConfigurationPlatforms) = postSolution
		{50592FE3-FAA7-4ADF-891F-83E60F824357}.Debug|Any CPU.ActiveCfg = Debug|Any CPU
		{50592FE3-FAA7-4ADF-891F-83E60F824357}.Debug|Any CPU.Build.0 = Debug|Any CPU
		{50592FE3-FAA7-4ADF-891F-83E60F824357}.Release|Any CPU.ActiveCfg = Release|Any CPU
		{50592FE3-FAA7-4ADF-891F-83E60F824357}.Release|Any CPU.Build.0 = Release|Any CPU
	EndGlobalSection
	GlobalSection(SolutionProperties) = preSolution
		HideSolutionNode = FALSE
	EndGlobalSection
	GlobalSection(ExtensibilityGlobals) = postSolution
		SolutionGuid = {0FE96C44-1B75-4BB1-9597-4FDA5AFD26DD}
	EndGlobalSection
EndGlobal
